# ═══════════════════════════════════════════════════════════
# AiFACTORi 90-Day Lock Configuration (RENEWED)
# ═══════════════════════════════════════════════════════════

# Lock Identity
LOCK_ID="7f4a9e2c-8d3b-47e1-9f6c-2a5d8e1b4f7a"
LOCK_INCEPTION="2026-04-04T21:20:00.000Z"
LOCK_EXPIRY="2026-07-03T21:20:00.000Z"
LOCK_STATUS="ACTIVE"
DAYS_REMAINING="90"

# Previous Lock (Archived)
PREVIOUS_LOCK_ID="550e8400-e29b-41d4-a716-446655440000"
RENEWAL_CYCLE="2"

# Merkle Root (Immutable)
MERKLE_ROOT="b2c3d4e5f6g7h8i9j0k1l2m3n4o5p6q7r8s9t0u1v2w3x4y5z6a7b8c9d0e1f2"

# Wobble Constants (Frozen)
WOBBLE_TIER0=0.05
WOBBLE_TIER1=0.075
WOBBLE_TIER2=0.15

# Coherence Score
KOTAHITANJA_TARGET=0.917
KOTAHITANJA_STATUS="SYNCHRONIZED"

# ───────────────────────────────────────────────────────────
# ENGINE CONFIGURATION (14 Total)
# ───────────────────────────────────────────────────────────

# Core Ring (Sovereign Validators)
ENGINE_COUNT=14
CORE_ENGINES=3
PEER_ENGINES=12

# Validator Engine (すう - Identity)
ENGINE_365_NAME="engine-365"
ENGINE_365_PORT=365
ENGINE_365_ROLE="validator"
ENGINE_365_TIER="tier-0"
ENGINE_365_TYPE="identity-anchor"

# Sovereign Engine (あは - Structure)
ENGINE_777_NAME="engine-777"
ENGINE_777_PORT=777
ENGINE_777_ROLE="sovereign"
ENGINE_777_TIER="tier-1"
ENGINE_777_TYPE="structure-root"

# Horizon Engine (れれ - Flow)
ENGINE_101_NAME="engine-101"
ENGINE_101_PORT=101
ENGINE_101_ROLE="horizon"
ENGINE_101_TIER="tier-2"
ENGINE_101_TYPE="flow-vector"

# Peer Ring (Consensus Witnesses)
ENGINE_1001_PORT=1001
ENGINE_1002_PORT=1002
ENGINE_1003_PORT=1003
ENGINE_1004_PORT=1004
ENGINE_1005_PORT=1005
ENGINE_1006_PORT=1006
ENGINE_1007_PORT=1007
ENGINE_1008_PORT=1008
ENGINE_1009_PORT=1009
ENGINE_1010_PORT=1010
ENGINE_1011_PORT=1011
ENGINE_1012_PORT=1012

# ───────────────────────────────────────────────────────────
# SERVICE ENDPOINTS
# ───────────────────────────────────────────────────────────

# Observability
GRAFANA_PORT=3000
GRAFANA_USER=admin
GRAFANA_PASS=admin

PROMETHEUS_PORT=9090
MCP_AUDIT_PORT=8888
THYMUS_PORT=9999

# ───────────────────────────────────────────────────────────
# RESOURCE ALLOCATION
# ───────────────────────────────────────────────────────────

CPUS_PER_ENGINE=0.8
MEMORY_PER_ENGINE=512M

CPUS_OBSERVABILITY=1.0
MEMORY_OBSERVABILITY=2G

# ───────────────────────────────────────────────────────────
# LOCK PARAMETERS
# ───────────────────────────────────────────────────────────

# 90-Day Window
LOCK_WINDOW_DAYS=90
LOCK_WINDOW_SECONDS=7776000

# Renewal Timeline
RENEWAL_START_DAY=85
RENEWAL_COMPLETE_DAY=90

# Lock Strength
LOCK_STRENGTH="critical"
LOCK_PHRASE="UNIT-LOCKED:14engines:90days:2026-04-04:RENEWED"

# ═══════════════════════════════════════════════════════════
# System Status: RENEWED & OPERATIONAL
# Coherence: 91.7% (Kotahitanja STRONG)
# Engines: 14/14 SYNCHRONIZED
# ═══════════════════════════════════════════════════════════
